
Microsoft Visual Studio Solution File, Format Version 12.00
# Visual Studio 15
VisualStudioVersion = 15.0.28307.1972
MinimumVisualStudioVersion = 10.0.40219.1
Project("{FAE04EC0-301F-11D3-BF4B-00C04F79EFBC}") = "TiendaVirtualMVC", "TiendaVirtualMVC\TiendaVirtualMVC.csproj", "{6BC4967C-345C-4274-B930-190F1CF697A0}"
EndProject
Global
	GlobalSection(SolutionConfigurationPlatforms) = preSolution
		Debug|Any CPU = Debug|Any CPU
		Release|Any CPU = Release|Any CPU
	EndGlobalSection
	GlobalSection(ProjectConfigurationPlatforms) = postSolution
		{6BC4967C-345C-4274-B930-190F1CF697A0}.Debug|Any CPU.ActiveCfg = Debug|Any CPU
		{6BC4967C-345C-4274-B930-190F1CF697A0}.Debug|Any CPU.Build.0 = Debug|Any CPU
		{6BC4967C-345C-4274-B930-190F1CF697A0}.Release|Any CPU.ActiveCfg = Release|Any CPU
		{6BC4967C-345C-4274-B930-190F1CF697A0}.Release|Any CPU.Build.0 = Release|Any CPU
	EndGlobalSection
	GlobalSection(SolutionProperties) = preSolution
		HideSolutionNode = FALSE
	EndGlobalSection
	GlobalSection(ExtensibilityGlobals) = postSolution
		SolutionGuid = {E6AD8504-2F5A-4709-9778-646A52140192}
	EndGlobalSection
EndGlobal
